
Microsoft Visual Studio Solution File, Format Version 12.00
# Visual Studio Version 17
VisualStudioVersion = 17.11.35312.102
MinimumVisualStudioVersion = 10.0.40219.1
Project("{FAE04EC0-301F-11D3-BF4B-00C04F79EFBC}") = "myshop.DataAccess", "myshop.DataAccess\myshop.DataAccess.csproj", "{AD9FB633-2572-4DE1-A927-CCD4A8C8AFA9}"
EndProject
Project("{FAE04EC0-301F-11D3-BF4B-00C04F79EFBC}") = "myshop.Entities", "myshop.Entities\myshop.Entities.csproj", "{79490E56-BE59-41F8-968F-22109ACD7093}"
EndProject
Project("{FAE04EC0-301F-11D3-BF4B-00C04F79EFBC}") = "myshop.Web", "myshop.Web\myshop.Web.csproj", "{209AAC46-6371-49EC-9CD0-765EB7237BFB}"
EndProject
Global
	GlobalSection(SolutionConfigurationPlatforms) = preSolution
		Debug|Any CPU = Debug|Any CPU
		Release|Any CPU = Release|Any CPU
	EndGlobalSection
	GlobalSection(ProjectConfigurationPlatforms) = postSolution
		{AD9FB633-2572-4DE1-A927-CCD4A8C8AFA9}.Debug|Any CPU.ActiveCfg = Debug|Any CPU
		{AD9FB633-2572-4DE1-A927-CCD4A8C8AFA9}.Debug|Any CPU.Build.0 = Debug|Any CPU
		{AD9FB633-2572-4DE1-A927-CCD4A8C8AFA9}.Release|Any CPU.ActiveCfg = Release|Any CPU
		{AD9FB633-2572-4DE1-A927-CCD4A8C8AFA9}.Release|Any CPU.Build.0 = Release|Any CPU
		{79490E56-BE59-41F8-968F-22109ACD7093}.Debug|Any CPU.ActiveCfg = Debug|Any CPU
		{79490E56-BE59-41F8-968F-22109ACD7093}.Debug|Any CPU.Build.0 = Debug|Any CPU
		{79490E56-BE59-41F8-968F-22109ACD7093}.Release|Any CPU.ActiveCfg = Release|Any CPU
		{79490E56-BE59-41F8-968F-22109ACD7093}.Release|Any CPU.Build.0 = Release|Any CPU
		{209AAC46-6371-49EC-9CD0-765EB7237BFB}.Debug|Any CPU.ActiveCfg = Debug|Any CPU
		{209AAC46-6371-49EC-9CD0-765EB7237BFB}.Debug|Any CPU.Build.0 = Debug|Any CPU
		{209AAC46-6371-49EC-9CD0-765EB7237BFB}.Release|Any CPU.ActiveCfg = Release|Any CPU
		{209AAC46-6371-49EC-9CD0-765EB7237BFB}.Release|Any CPU.Build.0 = Release|Any CPU
	EndGlobalSection
	GlobalSection(SolutionProperties) = preSolution
		HideSolutionNode = FALSE
	EndGlobalSection
	GlobalSection(ExtensibilityGlobals) = postSolution
		SolutionGuid = {BFCD79CA-2E43-4343-ADD0-1651DB8C6F94}
	EndGlobalSection
EndGlobal
